// !$*UTF8*$!
{
	archiveVersion = 1;
	classes = {
	};
	objectVersion = 48;
	objects = {

/* Begin PBXBuildFile section */
		6F13CFD31FD6C81C0023A953 /* HandyUIKit.framework in Frameworks */ = {isa = PBXBuildFile; fileRef = 6F4C0F171FB30ED7004CFD83 /* HandyUIKit.framework */; };
		6F13CFD61FD6C81C0023A953 /* RealmSwift.framework in Frameworks */ = {isa = PBXBuildFile; fileRef = 6F13CFD41FD6C81C0023A953 /* RealmSwift.framework */; };
		6F13CFD71FD6C81C0023A953 /* Realm.framework in Frameworks */ = {isa = PBXBuildFile; fileRef = 6F13CFD51FD6C81C0023A953 /* Realm.framework */; };
		6F13CFD81FD6C8350023A953 /* Realm.framework in CopyFiles */ = {isa = PBXBuildFile; fileRef = 6F13CFD51FD6C81C0023A953 /* Realm.framework */; settings = {ATTRIBUTES = (CodeSignOnCopy, RemoveHeadersOnCopy, ); }; };
		6F13CFD91FD6C8390023A953 /* RealmSwift.framework in CopyFiles */ = {isa = PBXBuildFile; fileRef = 6F13CFD41FD6C81C0023A953 /* RealmSwift.framework */; settings = {ATTRIBUTES = (CodeSignOnCopy, RemoveHeadersOnCopy, ); }; };
		6F13CFDA1FD6C83E0023A953 /* HandyUIKit.framework in CopyFiles */ = {isa = PBXBuildFile; fileRef = 6F4C0F171FB30ED7004CFD83 /* HandyUIKit.framework */; settings = {ATTRIBUTES = (CodeSignOnCopy, RemoveHeadersOnCopy, ); }; };
		6F13CFDC1FD6C8590023A953 /* ElementRealm.swift in Sources */ = {isa = PBXBuildFile; fileRef = 6F13CFDB1FD6C8590023A953 /* ElementRealm.swift */; };
		6F3DD4871FAA0EA600CCB804 /* MyCollectionViewController+JSONToArray.swift in Sources */ = {isa = PBXBuildFile; fileRef = 6F3DD4861FAA0EA600CCB804 /* MyCollectionViewController+JSONToArray.swift */; };
		6F3DD4891FAAADAF00CCB804 /* String+Localized+Formatter.swift in Sources */ = {isa = PBXBuildFile; fileRef = 6F3DD4881FAAADAF00CCB804 /* String+Localized+Formatter.swift */; };
		6F4EB58F1FD6E51900E9FCA7 /* ElementsRealmDataSource.swift in Sources */ = {isa = PBXBuildFile; fileRef = 6F4EB58E1FD6E51900E9FCA7 /* ElementsRealmDataSource.swift */; };
		6F549CA81FA226AE00E9823A /* ElementProperties.swift in Sources */ = {isa = PBXBuildFile; fileRef = 6F549CA71FA226AE00E9823A /* ElementProperties.swift */; };
		6F6321B91FBAFCB20046B717 /* Element_.swift in Sources */ = {isa = PBXBuildFile; fileRef = 6F6321B81FBAFCB20046B717 /* Element_.swift */; };
		6F6321C01FBB0C070046B717 /* ElementsDataSource.swift in Sources */ = {isa = PBXBuildFile; fileRef = 6F6321BF1FBB0C070046B717 /* ElementsDataSource.swift */; };
		6F6321C21FBB242A0046B717 /* DataLoadOperation.swift in Sources */ = {isa = PBXBuildFile; fileRef = 6F6321C11FBB242A0046B717 /* DataLoadOperation.swift */; };
		6F68EF9D1FB315020099C49C /* NSAttributedString+Extension.swift in Sources */ = {isa = PBXBuildFile; fileRef = 6F68EF9C1FB315020099C49C /* NSAttributedString+Extension.swift */; };
		6F68EF9F1FB315240099C49C /* String+SubAndSup.swift in Sources */ = {isa = PBXBuildFile; fileRef = 6F68EF9E1FB315240099C49C /* String+SubAndSup.swift */; };
		6F68EFA11FB32B7D0099C49C /* MoreDetailViewController.swift in Sources */ = {isa = PBXBuildFile; fileRef = 6F68EFA01FB32B7D0099C49C /* MoreDetailViewController.swift */; };
		6F797D491FB0997B005A0278 /* DetailViewController.swift in Sources */ = {isa = PBXBuildFile; fileRef = 6F797D481FB0997B005A0278 /* DetailViewController.swift */; };
		6F86CDF11FB3833E00B92581 /* GroupCellCollectionView.swift in Sources */ = {isa = PBXBuildFile; fileRef = 6F86CDF01FB3833E00B92581 /* GroupCellCollectionView.swift */; };
		6F86CDF31FB3876F00B92581 /* SameGroupElementCell.swift in Sources */ = {isa = PBXBuildFile; fileRef = 6F86CDF21FB3876F00B92581 /* SameGroupElementCell.swift */; };
		6F86CDF51FB38BFF00B92581 /* GroupedCollectionViewCell.swift in Sources */ = {isa = PBXBuildFile; fileRef = 6F86CDF41FB38BFF00B92581 /* GroupedCollectionViewCell.swift */; };
		6F9948791FD8108C004441F6 /* PeriodicTableBackground.swift in Sources */ = {isa = PBXBuildFile; fileRef = 6F9948781FD8108C004441F6 /* PeriodicTableBackground.swift */; };
		6F99487B1FD81193004441F6 /* PeriodicTableViewController.swift in Sources */ = {isa = PBXBuildFile; fileRef = 6F99487A1FD81193004441F6 /* PeriodicTableViewController.swift */; };
		6F99487D1FD811BC004441F6 /* PeriodicTableBackgroundView.swift in Sources */ = {isa = PBXBuildFile; fileRef = 6F99487C1FD811BC004441F6 /* PeriodicTableBackgroundView.swift */; };
		6F99487F1FD8173D004441F6 /* CellButton.swift in Sources */ = {isa = PBXBuildFile; fileRef = 6F99487E1FD8173D004441F6 /* CellButton.swift */; };
		6F9D9A961FC443CE0065873D /* AsyncOperation.swift in Sources */ = {isa = PBXBuildFile; fileRef = 6F9D9A951FC443CE0065873D /* AsyncOperation.swift */; };
		6FA489801FA946D300C2E067 /* MyCollectionViewController.swift in Sources */ = {isa = PBXBuildFile; fileRef = 6FA4897F1FA946D300C2E067 /* MyCollectionViewController.swift */; };
		6FA489821FA94B9700C2E067 /* MyCollectionViewCell.swift in Sources */ = {isa = PBXBuildFile; fileRef = 6FA489811FA94B9700C2E067 /* MyCollectionViewCell.swift */; };
		6FA489841FA9DF5B00C2E067 /* UIColor+HexToUIColor.swift in Sources */ = {isa = PBXBuildFile; fileRef = 6FA489831FA9DF5B00C2E067 /* UIColor+HexToUIColor.swift */; };
		6FAA79E61FB67B34004C9CDE /* MyCollectionView.swift in Sources */ = {isa = PBXBuildFile; fileRef = 6FAA79E51FB67B34004C9CDE /* MyCollectionView.swift */; };
		6FAA79E81FB6820F004C9CDE /* MyView.swift in Sources */ = {isa = PBXBuildFile; fileRef = 6FAA79E71FB6820F004C9CDE /* MyView.swift */; };
		6FD137971FAD5B280034246A /* SectionHeader.swift in Sources */ = {isa = PBXBuildFile; fileRef = 6FD137961FAD5B280034246A /* SectionHeader.swift */; };
		6FDAA07F1FB4914A0099D90E /* SectionHeaderForDetailView.swift in Sources */ = {isa = PBXBuildFile; fileRef = 6FDAA07E1FB4914A0099D90E /* SectionHeaderForDetailView.swift */; };
		6FDC8F291FA125BE0020A7D7 /* AppDelegate.swift in Sources */ = {isa = PBXBuildFile; fileRef = 6FDC8F281FA125BE0020A7D7 /* AppDelegate.swift */; };
		6FDC8F2E1FA125BE0020A7D7 /* Main.storyboard in Resources */ = {isa = PBXBuildFile; fileRef = 6FDC8F2C1FA125BE0020A7D7 /* Main.storyboard */; };
		6FDC8F301FA125BE0020A7D7 /* Assets.xcassets in Resources */ = {isa = PBXBuildFile; fileRef = 6FDC8F2F1FA125BE0020A7D7 /* Assets.xcassets */; };
		6FDC8F331FA125BE0020A7D7 /* LaunchScreen.storyboard in Resources */ = {isa = PBXBuildFile; fileRef = 6FDC8F311FA125BE0020A7D7 /* LaunchScreen.storyboard */; };
		6FDC8F3D1FA127220020A7D7 /* Alamofire.framework in Frameworks */ = {isa = PBXBuildFile; fileRef = 6FDC8F3B1FA127220020A7D7 /* Alamofire.framework */; };
		6FDC8F3E1FA127220020A7D7 /* SwiftyJSON.framework in Frameworks */ = {isa = PBXBuildFile; fileRef = 6FDC8F3C1FA127220020A7D7 /* SwiftyJSON.framework */; };
		6FDC8F401FA127350020A7D7 /* Alamofire.framework in CopyFiles */ = {isa = PBXBuildFile; fileRef = 6FDC8F3B1FA127220020A7D7 /* Alamofire.framework */; settings = {ATTRIBUTES = (CodeSignOnCopy, RemoveHeadersOnCopy, ); }; };
		6FDC8F411FA127390020A7D7 /* SwiftyJSON.framework in CopyFiles */ = {isa = PBXBuildFile; fileRef = 6FDC8F3C1FA127220020A7D7 /* SwiftyJSON.framework */; settings = {ATTRIBUTES = (CodeSignOnCopy, RemoveHeadersOnCopy, ); }; };
		6FDC8F431FA1384A0020A7D7 /* FileManager+DocumentDirectory.swift in Sources */ = {isa = PBXBuildFile; fileRef = 6FDC8F421FA1384A0020A7D7 /* FileManager+DocumentDirectory.swift */; };
		6FDC8F461FA158F70020A7D7 /* data.json in Resources */ = {isa = PBXBuildFile; fileRef = 6FDC8F451FA155770020A7D7 /* data.json */; };
		6FE799C31FBF621900A973D9 /* FilteringOperation.swift in Sources */ = {isa = PBXBuildFile; fileRef = 6FE799C21FBF621900A973D9 /* FilteringOperation.swift */; };
		6FFA4AF11FD98B9900526D67 /* UIColor+blending.swift in Sources */ = {isa = PBXBuildFile; fileRef = 6FFA4AF01FD98B9900526D67 /* UIColor+blending.swift */; };
/* End PBXBuildFile section */

/* Begin PBXCopyFilesBuildPhase section */
		6FDC8F3F1FA1272D0020A7D7 /* CopyFiles */ = {
			isa = PBXCopyFilesBuildPhase;
			buildActionMask = 2147483647;
			dstPath = "";
			dstSubfolderSpec = 10;
			files = (
				6F13CFDA1FD6C83E0023A953 /* HandyUIKit.framework in CopyFiles */,
				6F13CFD91FD6C8390023A953 /* RealmSwift.framework in CopyFiles */,
				6F13CFD81FD6C8350023A953 /* Realm.framework in CopyFiles */,
				6FDC8F411FA127390020A7D7 /* SwiftyJSON.framework in CopyFiles */,
				6FDC8F401FA127350020A7D7 /* Alamofire.framework in CopyFiles */,
			);
			runOnlyForDeploymentPostprocessing = 0;
		};
/* End PBXCopyFilesBuildPhase section */

/* Begin PBXFileReference section */
		6F13CFD41FD6C81C0023A953 /* RealmSwift.framework */ = {isa = PBXFileReference; lastKnownFileType = wrapper.framework; name = RealmSwift.framework; path = Carthage/Build/iOS/RealmSwift.framework; sourceTree = "<group>"; };
		6F13CFD51FD6C81C0023A953 /* Realm.framework */ = {isa = PBXFileReference; lastKnownFileType = wrapper.framework; name = Realm.framework; path = Carthage/Build/iOS/Realm.framework; sourceTree = "<group>"; };
		6F13CFDB1FD6C8590023A953 /* ElementRealm.swift */ = {isa = PBXFileReference; lastKnownFileType = sourcecode.swift; path = ElementRealm.swift; sourceTree = "<group>"; };
		6F3DD4861FAA0EA600CCB804 /* MyCollectionViewController+JSONToArray.swift */ = {isa = PBXFileReference; lastKnownFileType = sourcecode.swift; path = "MyCollectionViewController+JSONToArray.swift"; sourceTree = "<group>"; };
		6F3DD4881FAAADAF00CCB804 /* String+Localized+Formatter.swift */ = {isa = PBXFileReference; lastKnownFileType = sourcecode.swift; path = "String+Localized+Formatter.swift"; sourceTree = "<group>"; };
		6F4C0F171FB30ED7004CFD83 /* HandyUIKit.framework */ = {isa = PBXFileReference; lastKnownFileType = wrapper.framework; name = HandyUIKit.framework; path = Carthage/Build/iOS/HandyUIKit.framework; sourceTree = "<group>"; };
		6F4EB58E1FD6E51900E9FCA7 /* ElementsRealmDataSource.swift */ = {isa = PBXFileReference; lastKnownFileType = sourcecode.swift; path = ElementsRealmDataSource.swift; sourceTree = "<group>"; };
		6F549CA71FA226AE00E9823A /* ElementProperties.swift */ = {isa = PBXFileReference; lastKnownFileType = sourcecode.swift; path = ElementProperties.swift; sourceTree = "<group>"; };
		6F6321B81FBAFCB20046B717 /* Element_.swift */ = {isa = PBXFileReference; lastKnownFileType = sourcecode.swift; path = Element_.swift; sourceTree = "<group>"; };
		6F6321BF1FBB0C070046B717 /* ElementsDataSource.swift */ = {isa = PBXFileReference; lastKnownFileType = sourcecode.swift; path = ElementsDataSource.swift; sourceTree = "<group>"; };
		6F6321C11FBB242A0046B717 /* DataLoadOperation.swift */ = {isa = PBXFileReference; lastKnownFileType = sourcecode.swift; path = DataLoadOperation.swift; sourceTree = "<group>"; };
		6F68EF9C1FB315020099C49C /* NSAttributedString+Extension.swift */ = {isa = PBXFileReference; lastKnownFileType = sourcecode.swift; path = "NSAttributedString+Extension.swift"; sourceTree = "<group>"; };
		6F68EF9E1FB315240099C49C /* String+SubAndSup.swift */ = {isa = PBXFileReference; lastKnownFileType = sourcecode.swift; path = "String+SubAndSup.swift"; sourceTree = "<group>"; };
		6F68EFA01FB32B7D0099C49C /* MoreDetailViewController.swift */ = {isa = PBXFileReference; lastKnownFileType = sourcecode.swift; path = MoreDetailViewController.swift; sourceTree = "<group>"; };
		6F797D481FB0997B005A0278 /* DetailViewController.swift */ = {isa = PBXFileReference; lastKnownFileType = sourcecode.swift; path = DetailViewController.swift; sourceTree = "<group>"; };
		6F86CDF01FB3833E00B92581 /* GroupCellCollectionView.swift */ = {isa = PBXFileReference; lastKnownFileType = sourcecode.swift; path = GroupCellCollectionView.swift; sourceTree = "<group>"; };
		6F86CDF21FB3876F00B92581 /* SameGroupElementCell.swift */ = {isa = PBXFileReference; lastKnownFileType = sourcecode.swift; path = SameGroupElementCell.swift; sourceTree = "<group>"; };
		6F86CDF41FB38BFF00B92581 /* GroupedCollectionViewCell.swift */ = {isa = PBXFileReference; lastKnownFileType = sourcecode.swift; path = GroupedCollectionViewCell.swift; sourceTree = "<group>"; };
		6F9948781FD8108C004441F6 /* PeriodicTableBackground.swift */ = {isa = PBXFileReference; fileEncoding = 4; lastKnownFileType = sourcecode.swift; path = PeriodicTableBackground.swift; sourceTree = "<group>"; };
		6F99487A1FD81193004441F6 /* PeriodicTableViewController.swift */ = {isa = PBXFileReference; lastKnownFileType = sourcecode.swift; path = PeriodicTableViewController.swift; sourceTree = "<group>"; };
		6F99487C1FD811BC004441F6 /* PeriodicTableBackgroundView.swift */ = {isa = PBXFileReference; lastKnownFileType = sourcecode.swift; path = PeriodicTableBackgroundView.swift; sourceTree = "<group>"; };
		6F99487E1FD8173D004441F6 /* CellButton.swift */ = {isa = PBXFileReference; lastKnownFileType = sourcecode.swift; path = CellButton.swift; sourceTree = "<group>"; };
		6F9D9A951FC443CE0065873D /* AsyncOperation.swift */ = {isa = PBXFileReference; lastKnownFileType = sourcecode.swift; path = AsyncOperation.swift; sourceTree = "<group>"; };
		6FA4897F1FA946D300C2E067 /* MyCollectionViewController.swift */ = {isa = PBXFileReference; lastKnownFileType = sourcecode.swift; path = MyCollectionViewController.swift; sourceTree = "<group>"; };
		6FA489811FA94B9700C2E067 /* MyCollectionViewCell.swift */ = {isa = PBXFileReference; lastKnownFileType = sourcecode.swift; path = MyCollectionViewCell.swift; sourceTree = "<group>"; };
		6FA489831FA9DF5B00C2E067 /* UIColor+HexToUIColor.swift */ = {isa = PBXFileReference; lastKnownFileType = sourcecode.swift; path = "UIColor+HexToUIColor.swift"; sourceTree = "<group>"; };
		6FAA79E51FB67B34004C9CDE /* MyCollectionView.swift */ = {isa = PBXFileReference; lastKnownFileType = sourcecode.swift; path = MyCollectionView.swift; sourceTree = "<group>"; };
		6FAA79E71FB6820F004C9CDE /* MyView.swift */ = {isa = PBXFileReference; lastKnownFileType = sourcecode.swift; path = MyView.swift; sourceTree = "<group>"; };
		6FD137961FAD5B280034246A /* SectionHeader.swift */ = {isa = PBXFileReference; lastKnownFileType = sourcecode.swift; path = SectionHeader.swift; sourceTree = "<group>"; };
		6FDAA07E1FB4914A0099D90E /* SectionHeaderForDetailView.swift */ = {isa = PBXFileReference; lastKnownFileType = sourcecode.swift; path = SectionHeaderForDetailView.swift; sourceTree = "<group>"; };
		6FDC8F251FA125BE0020A7D7 /* prototype1.app */ = {isa = PBXFileReference; explicitFileType = wrapper.application; includeInIndex = 0; path = prototype1.app; sourceTree = BUILT_PRODUCTS_DIR; };
		6FDC8F281FA125BE0020A7D7 /* AppDelegate.swift */ = {isa = PBXFileReference; lastKnownFileType = sourcecode.swift; path = AppDelegate.swift; sourceTree = "<group>"; };
		6FDC8F2D1FA125BE0020A7D7 /* Base */ = {isa = PBXFileReference; lastKnownFileType = file.storyboard; name = Base; path = Base.lproj/Main.storyboard; sourceTree = "<group>"; };
		6FDC8F2F1FA125BE0020A7D7 /* Assets.xcassets */ = {isa = PBXFileReference; lastKnownFileType = folder.assetcatalog; path = Assets.xcassets; sourceTree = "<group>"; };
		6FDC8F321FA125BE0020A7D7 /* Base */ = {isa = PBXFileReference; lastKnownFileType = file.storyboard; name = Base; path = Base.lproj/LaunchScreen.storyboard; sourceTree = "<group>"; };
		6FDC8F341FA125BE0020A7D7 /* Info.plist */ = {isa = PBXFileReference; lastKnownFileType = text.plist.xml; path = Info.plist; sourceTree = "<group>"; };
		6FDC8F3B1FA127220020A7D7 /* Alamofire.framework */ = {isa = PBXFileReference; lastKnownFileType = wrapper.framework; name = Alamofire.framework; path = Carthage/Build/iOS/Alamofire.framework; sourceTree = "<group>"; };
		6FDC8F3C1FA127220020A7D7 /* SwiftyJSON.framework */ = {isa = PBXFileReference; lastKnownFileType = wrapper.framework; name = SwiftyJSON.framework; path = Carthage/Build/iOS/SwiftyJSON.framework; sourceTree = "<group>"; };
		6FDC8F421FA1384A0020A7D7 /* FileManager+DocumentDirectory.swift */ = {isa = PBXFileReference; lastKnownFileType = sourcecode.swift; path = "FileManager+DocumentDirectory.swift"; sourceTree = "<group>"; };
		6FDC8F451FA155770020A7D7 /* data.json */ = {isa = PBXFileReference; lastKnownFileType = text.json; path = data.json; sourceTree = "<group>"; };
		6FE799C21FBF621900A973D9 /* FilteringOperation.swift */ = {isa = PBXFileReference; lastKnownFileType = sourcecode.swift; path = FilteringOperation.swift; sourceTree = "<group>"; };
		6FFA4AF01FD98B9900526D67 /* UIColor+blending.swift */ = {isa = PBXFileReference; lastKnownFileType = sourcecode.swift; path = "UIColor+blending.swift"; sourceTree = "<group>"; };
/* End PBXFileReference section */

/* Begin PBXFrameworksBuildPhase section */
		6FDC8F221FA125BE0020A7D7 /* Frameworks */ = {
			isa = PBXFrameworksBuildPhase;
			buildActionMask = 2147483647;
			files = (
				6F13CFD61FD6C81C0023A953 /* RealmSwift.framework in Frameworks */,
				6F13CFD71FD6C81C0023A953 /* Realm.framework in Frameworks */,
				6FDC8F3D1FA127220020A7D7 /* Alamofire.framework in Frameworks */,
				6F13CFD31FD6C81C0023A953 /* HandyUIKit.framework in Frameworks */,
				6FDC8F3E1FA127220020A7D7 /* SwiftyJSON.framework in Frameworks */,
			);
			runOnlyForDeploymentPostprocessing = 0;
		};
/* End PBXFrameworksBuildPhase section */

/* Begin PBXGroup section */
		6F526BAE1FACDAB800A8B194 /* Extensions */ = {
			isa = PBXGroup;
			children = (
				6F3DD4861FAA0EA600CCB804 /* MyCollectionViewController+JSONToArray.swift */,
				6FDC8F421FA1384A0020A7D7 /* FileManager+DocumentDirectory.swift */,
				6FA489831FA9DF5B00C2E067 /* UIColor+HexToUIColor.swift */,
				6FFA4AF01FD98B9900526D67 /* UIColor+blending.swift */,
				6F3DD4881FAAADAF00CCB804 /* String+Localized+Formatter.swift */,
				6F68EF9C1FB315020099C49C /* NSAttributedString+Extension.swift */,
				6F68EF9E1FB315240099C49C /* String+SubAndSup.swift */,
			);
			path = Extensions;
			sourceTree = "<group>";
		};
		6F6321B71FBAFC960046B717 /* Model */ = {
			isa = PBXGroup;
			children = (
				6F6321B81FBAFCB20046B717 /* Element_.swift */,
				6F549CA71FA226AE00E9823A /* ElementProperties.swift */,
				6F13CFDB1FD6C8590023A953 /* ElementRealm.swift */,
			);
			name = Model;
			sourceTree = "<group>";
		};
		6F6321BE1FBB0BD70046B717 /* Data Sources */ = {
			isa = PBXGroup;
			children = (
				6F6321BF1FBB0C070046B717 /* ElementsDataSource.swift */,
				6F4EB58E1FD6E51900E9FCA7 /* ElementsRealmDataSource.swift */,
				6F6321C11FBB242A0046B717 /* DataLoadOperation.swift */,
				6FE799C21FBF621900A973D9 /* FilteringOperation.swift */,
				6F9D9A951FC443CE0065873D /* AsyncOperation.swift */,
			);
			name = "Data Sources";
			sourceTree = "<group>";
		};
		6F7E54221FAD4FC800DD3A6F /* SupportFiles */ = {
			isa = PBXGroup;
			children = (
				6FDC8F281FA125BE0020A7D7 /* AppDelegate.swift */,
				6FDC8F2F1FA125BE0020A7D7 /* Assets.xcassets */,
				6FDC8F341FA125BE0020A7D7 /* Info.plist */,
			);
			path = SupportFiles;
			sourceTree = "<group>";
		};
		6F9D9A971FC491D50065873D /* Controllers */ = {
			isa = PBXGroup;
			children = (
				6FA4897F1FA946D300C2E067 /* MyCollectionViewController.swift */,
				6F797D481FB0997B005A0278 /* DetailViewController.swift */,
				6F68EFA01FB32B7D0099C49C /* MoreDetailViewController.swift */,
				6F99487A1FD81193004441F6 /* PeriodicTableViewController.swift */,
			);
			name = Controllers;
			sourceTree = "<group>";
		};
		6F9D9A981FC496820065873D /* Views */ = {
			isa = PBXGroup;
			children = (
				6FA489811FA94B9700C2E067 /* MyCollectionViewCell.swift */,
				6FAA79E51FB67B34004C9CDE /* MyCollectionView.swift */,
				6FAA79E71FB6820F004C9CDE /* MyView.swift */,
				6FD137961FAD5B280034246A /* SectionHeader.swift */,
				6FDAA07E1FB4914A0099D90E /* SectionHeaderForDetailView.swift */,
				6F86CDF41FB38BFF00B92581 /* GroupedCollectionViewCell.swift */,
				6F86CDF01FB3833E00B92581 /* GroupCellCollectionView.swift */,
				6F86CDF21FB3876F00B92581 /* SameGroupElementCell.swift */,
				6F9948781FD8108C004441F6 /* PeriodicTableBackground.swift */,
				6F99487C1FD811BC004441F6 /* PeriodicTableBackgroundView.swift */,
				6F99487E1FD8173D004441F6 /* CellButton.swift */,
			);
			name = Views;
			sourceTree = "<group>";
		};
		6F9D9A991FC4970A0065873D /* Storyboards */ = {
			isa = PBXGroup;
			children = (
				6FDC8F2C1FA125BE0020A7D7 /* Main.storyboard */,
				6FDC8F311FA125BE0020A7D7 /* LaunchScreen.storyboard */,
			);
			name = Storyboards;
			sourceTree = "<group>";
		};
		6FDC8F1C1FA125BE0020A7D7 = {
			isa = PBXGroup;
			children = (
				6FDC8F271FA125BE0020A7D7 /* prototype1 */,
				6FDC8F261FA125BE0020A7D7 /* Products */,
				6FDC8F3A1FA127220020A7D7 /* Frameworks */,
			);
			sourceTree = "<group>";
		};
		6FDC8F261FA125BE0020A7D7 /* Products */ = {
			isa = PBXGroup;
			children = (
				6FDC8F251FA125BE0020A7D7 /* prototype1.app */,
			);
			name = Products;
			sourceTree = "<group>";
		};
		6FDC8F271FA125BE0020A7D7 /* prototype1 */ = {
			isa = PBXGroup;
			children = (
				6F9D9A991FC4970A0065873D /* Storyboards */,
				6F9D9A981FC496820065873D /* Views */,
				6F9D9A971FC491D50065873D /* Controllers */,
				6F6321BE1FBB0BD70046B717 /* Data Sources */,
				6F6321B71FBAFC960046B717 /* Model */,
				6F526BAE1FACDAB800A8B194 /* Extensions */,
				6F7E54221FAD4FC800DD3A6F /* SupportFiles */,
				6FDC8F441FA1554D0020A7D7 /* JSON Data */,
			);
			path = prototype1;
			sourceTree = "<group>";
		};
		6FDC8F3A1FA127220020A7D7 /* Frameworks */ = {
			isa = PBXGroup;
			children = (
				6F13CFD51FD6C81C0023A953 /* Realm.framework */,
				6F13CFD41FD6C81C0023A953 /* RealmSwift.framework */,
				6F4C0F171FB30ED7004CFD83 /* HandyUIKit.framework */,
				6FDC8F3B1FA127220020A7D7 /* Alamofire.framework */,
				6FDC8F3C1FA127220020A7D7 /* SwiftyJSON.framework */,
			);
			name = Frameworks;
			sourceTree = "<group>";
		};
		6FDC8F441FA1554D0020A7D7 /* JSON Data */ = {
			isa = PBXGroup;
			children = (
				6FDC8F451FA155770020A7D7 /* data.json */,
			);
			path = "JSON Data";
			sourceTree = "<group>";
		};
/* End PBXGroup section */

/* Begin PBXNativeTarget section */
		6FDC8F241FA125BE0020A7D7 /* prototype1 */ = {
			isa = PBXNativeTarget;
			buildConfigurationList = 6FDC8F371FA125BE0020A7D7 /* Build configuration list for PBXNativeTarget "prototype1" */;
			buildPhases = (
				6FDC8F211FA125BE0020A7D7 /* Sources */,
				6FDC8F221FA125BE0020A7D7 /* Frameworks */,
				6FDC8F231FA125BE0020A7D7 /* Resources */,
				6FDC8F3F1FA1272D0020A7D7 /* CopyFiles */,
			);
			buildRules = (
			);
			dependencies = (
			);
			name = prototype1;
			productName = prototype1;
			productReference = 6FDC8F251FA125BE0020A7D7 /* prototype1.app */;
			productType = "com.apple.product-type.application";
		};
/* End PBXNativeTarget section */

/* Begin PBXProject section */
		6FDC8F1D1FA125BE0020A7D7 /* Project object */ = {
			isa = PBXProject;
			attributes = {
				LastSwiftUpdateCheck = 0900;
				LastUpgradeCheck = 0900;
				ORGANIZATIONNAME = "Swift Mage";
				TargetAttributes = {
					6FDC8F241FA125BE0020A7D7 = {
						CreatedOnToolsVersion = 9.0;
						ProvisioningStyle = Automatic;
					};
				};
			};
			buildConfigurationList = 6FDC8F201FA125BE0020A7D7 /* Build configuration list for PBXProject "prototype1" */;
			compatibilityVersion = "Xcode 8.0";
			developmentRegion = en;
			hasScannedForEncodings = 0;
			knownRegions = (
				en,
				Base,
			);
			mainGroup = 6FDC8F1C1FA125BE0020A7D7;
			productRefGroup = 6FDC8F261FA125BE0020A7D7 /* Products */;
			projectDirPath = "";
			projectRoot = "";
			targets = (
				6FDC8F241FA125BE0020A7D7 /* prototype1 */,
			);
		};
/* End PBXProject section */

/* Begin PBXResourcesBuildPhase section */
		6FDC8F231FA125BE0020A7D7 /* Resources */ = {
			isa = PBXResourcesBuildPhase;
			buildActionMask = 2147483647;
			files = (
				6FDC8F331FA125BE0020A7D7 /* LaunchScreen.storyboard in Resources */,
				6FDC8F301FA125BE0020A7D7 /* Assets.xcassets in Resources */,
				6FDC8F2E1FA125BE0020A7D7 /* Main.storyboard in Resources */,
				6FDC8F461FA158F70020A7D7 /* data.json in Resources */,
			);
			runOnlyForDeploymentPostprocessing = 0;
		};
/* End PBXResourcesBuildPhase section */

/* Begin PBXSourcesBuildPhase section */
		6FDC8F211FA125BE0020A7D7 /* Sources */ = {
			isa = PBXSourcesBuildPhase;
			buildActionMask = 2147483647;
			files = (
				6FAA79E81FB6820F004C9CDE /* MyView.swift in Sources */,
				6FA489841FA9DF5B00C2E067 /* UIColor+HexToUIColor.swift in Sources */,
				6F6321B91FBAFCB20046B717 /* Element_.swift in Sources */,
				6FDC8F431FA1384A0020A7D7 /* FileManager+DocumentDirectory.swift in Sources */,
				6FA489821FA94B9700C2E067 /* MyCollectionViewCell.swift in Sources */,
				6F68EF9F1FB315240099C49C /* String+SubAndSup.swift in Sources */,
				6F99487D1FD811BC004441F6 /* PeriodicTableBackgroundView.swift in Sources */,
				6F9D9A961FC443CE0065873D /* AsyncOperation.swift in Sources */,
				6F9948791FD8108C004441F6 /* PeriodicTableBackground.swift in Sources */,
				6F6321C01FBB0C070046B717 /* ElementsDataSource.swift in Sources */,
				6F797D491FB0997B005A0278 /* DetailViewController.swift in Sources */,
				6F4EB58F1FD6E51900E9FCA7 /* ElementsRealmDataSource.swift in Sources */,
				6F3DD4891FAAADAF00CCB804 /* String+Localized+Formatter.swift in Sources */,
				6FA489801FA946D300C2E067 /* MyCollectionViewController.swift in Sources */,
				6FE799C31FBF621900A973D9 /* FilteringOperation.swift in Sources */,
				6F99487F1FD8173D004441F6 /* CellButton.swift in Sources */,
				6F86CDF11FB3833E00B92581 /* GroupCellCollectionView.swift in Sources */,
				6F6321C21FBB242A0046B717 /* DataLoadOperation.swift in Sources */,
				6F549CA81FA226AE00E9823A /* ElementProperties.swift in Sources */,
				6FAA79E61FB67B34004C9CDE /* MyCollectionView.swift in Sources */,
				6FDAA07F1FB4914A0099D90E /* SectionHeaderForDetailView.swift in Sources */,
				6FD137971FAD5B280034246A /* SectionHeader.swift in Sources */,
				6FDC8F291FA125BE0020A7D7 /* AppDelegate.swift in Sources */,
				6F86CDF31FB3876F00B92581 /* SameGroupElementCell.swift in Sources */,
				6F3DD4871FAA0EA600CCB804 /* MyCollectionViewController+JSONToArray.swift in Sources */,
				6F13CFDC1FD6C8590023A953 /* ElementRealm.swift in Sources */,
				6F68EFA11FB32B7D0099C49C /* MoreDetailViewController.swift in Sources */,
				6FFA4AF11FD98B9900526D67 /* UIColor+blending.swift in Sources */,
				6F68EF9D1FB315020099C49C /* NSAttributedString+Extension.swift in Sources */,
				6F99487B1FD81193004441F6 /* PeriodicTableViewController.swift in Sources */,
				6F86CDF51FB38BFF00B92581 /* GroupedCollectionViewCell.swift in Sources */,
			);
			runOnlyForDeploymentPostprocessing = 0;
		};
/* End PBXSourcesBuildPhase section */

/* Begin PBXVariantGroup section */
		6FDC8F2C1FA125BE0020A7D7 /* Main.storyboard */ = {
			isa = PBXVariantGroup;
			children = (
				6FDC8F2D1FA125BE0020A7D7 /* Base */,
			);
			name = Main.storyboard;
			sourceTree = "<group>";
		};
		6FDC8F311FA125BE0020A7D7 /* LaunchScreen.storyboard */ = {
			isa = PBXVariantGroup;
			children = (
				6FDC8F321FA125BE0020A7D7 /* Base */,
			);
			name = LaunchScreen.storyboard;
			sourceTree = "<group>";
		};
/* End PBXVariantGroup section */

/* Begin XCBuildConfiguration section */
		6FDC8F351FA125BE0020A7D7 /* Debug */ = {
			isa = XCBuildConfiguration;
			buildSettings = {
				ALWAYS_SEARCH_USER_PATHS = NO;
				CLANG_ANALYZER_NONNULL = YES;
				CLANG_ANALYZER_NUMBER_OBJECT_CONVERSION = YES_AGGRESSIVE;
				CLANG_CXX_LANGUAGE_STANDARD = "gnu++14";
				CLANG_CXX_LIBRARY = "libc++";
				CLANG_ENABLE_MODULES = YES;
				CLANG_ENABLE_OBJC_ARC = YES;
				CLANG_WARN_BLOCK_CAPTURE_AUTORELEASING = YES;
				CLANG_WARN_BOOL_CONVERSION = YES;
				CLANG_WARN_COMMA = YES;
				CLANG_WARN_CONSTANT_CONVERSION = YES;
				CLANG_WARN_DIRECT_OBJC_ISA_USAGE = YES_ERROR;
				CLANG_WARN_DOCUMENTATION_COMMENTS = YES;
				CLANG_WARN_EMPTY_BODY = YES;
				CLANG_WARN_ENUM_CONVERSION = YES;
				CLANG_WARN_INFINITE_RECURSION = YES;
				CLANG_WARN_INT_CONVERSION = YES;
				CLANG_WARN_NON_LITERAL_NULL_CONVERSION = YES;
				CLANG_WARN_OBJC_LITERAL_CONVERSION = YES;
				CLANG_WARN_OBJC_ROOT_CLASS = YES_ERROR;
				CLANG_WARN_RANGE_LOOP_ANALYSIS = YES;
				CLANG_WARN_STRICT_PROTOTYPES = YES;
				CLANG_WARN_SUSPICIOUS_MOVE = YES;
				CLANG_WARN_UNGUARDED_AVAILABILITY = YES_AGGRESSIVE;
				CLANG_WARN_UNREACHABLE_CODE = YES;
				CLANG_WARN__DUPLICATE_METHOD_MATCH = YES;
				CODE_SIGN_IDENTITY = "iPhone Developer";
				COPY_PHASE_STRIP = NO;
				DEBUG_INFORMATION_FORMAT = dwarf;
				ENABLE_STRICT_OBJC_MSGSEND = YES;
				ENABLE_TESTABILITY = YES;
				GCC_C_LANGUAGE_STANDARD = gnu11;
				GCC_DYNAMIC_NO_PIC = NO;
				GCC_NO_COMMON_BLOCKS = YES;
				GCC_OPTIMIZATION_LEVEL = 0;
				GCC_PREPROCESSOR_DEFINITIONS = (
					"DEBUG=1",
					"$(inherited)",
				);
				GCC_WARN_64_TO_32_BIT_CONVERSION = YES;
				GCC_WARN_ABOUT_RETURN_TYPE = YES_ERROR;
				GCC_WARN_UNDECLARED_SELECTOR = YES;
				GCC_WARN_UNINITIALIZED_AUTOS = YES_AGGRESSIVE;
				GCC_WARN_UNUSED_FUNCTION = YES;
				GCC_WARN_UNUSED_VARIABLE = YES;
				IPHONEOS_DEPLOYMENT_TARGET = 11.0;
				MTL_ENABLE_DEBUG_INFO = YES;
				ONLY_ACTIVE_ARCH = YES;
				SDKROOT = iphoneos;
				SWIFT_ACTIVE_COMPILATION_CONDITIONS = DEBUG;
				SWIFT_OPTIMIZATION_LEVEL = "-Onone";
			};
			name = Debug;
		};
		6FDC8F361FA125BE0020A7D7 /* Release */ = {
			isa = XCBuildConfiguration;
			buildSettings = {
				ALWAYS_SEARCH_USER_PATHS = NO;
				CLANG_ANALYZER_NONNULL = YES;
				CLANG_ANALYZER_NUMBER_OBJECT_CONVERSION = YES_AGGRESSIVE;
				CLANG_CXX_LANGUAGE_STANDARD = "gnu++14";
				CLANG_CXX_LIBRARY = "libc++";
				CLANG_ENABLE_MODULES = YES;
				CLANG_ENABLE_OBJC_ARC = YES;
				CLANG_WARN_BLOCK_CAPTURE_AUTORELEASING = YES;
				CLANG_WARN_BOOL_CONVERSION = YES;
				CLANG_WARN_COMMA = YES;
				CLANG_WARN_CONSTANT_CONVERSION = YES;
				CLANG_WARN_DIRECT_OBJC_ISA_USAGE = YES_ERROR;
				CLANG_WARN_DOCUMENTATION_COMMENTS = YES;
				CLANG_WARN_EMPTY_BODY = YES;
				CLANG_WARN_ENUM_CONVERSION = YES;
				CLANG_WARN_INFINITE_RECURSION = YES;
				CLANG_WARN_INT_CONVERSION = YES;
				CLANG_WARN_NON_LITERAL_NULL_CONVERSION = YES;
				CLANG_WARN_OBJC_LITERAL_CONVERSION = YES;
				CLANG_WARN_OBJC_ROOT_CLASS = YES_ERROR;
				CLANG_WARN_RANGE_LOOP_ANALYSIS = YES;
				CLANG_WARN_STRICT_PROTOTYPES = YES;
				CLANG_WARN_SUSPICIOUS_MOVE = YES;
				CLANG_WARN_UNGUARDED_AVAILABILITY = YES_AGGRESSIVE;
				CLANG_WARN_UNREACHABLE_CODE = YES;
				CLANG_WARN__DUPLICATE_METHOD_MATCH = YES;
				CODE_SIGN_IDENTITY = "iPhone Developer";
				COPY_PHASE_STRIP = NO;
				DEBUG_INFORMATION_FORMAT = "dwarf-with-dsym";
				ENABLE_NS_ASSERTIONS = NO;
				ENABLE_STRICT_OBJC_MSGSEND = YES;
				GCC_C_LANGUAGE_STANDARD = gnu11;
				GCC_NO_COMMON_BLOCKS = YES;
				GCC_WARN_64_TO_32_BIT_CONVERSION = YES;
				GCC_WARN_ABOUT_RETURN_TYPE = YES_ERROR;
				GCC_WARN_UNDECLARED_SELECTOR = YES;
				GCC_WARN_UNINITIALIZED_AUTOS = YES_AGGRESSIVE;
				GCC_WARN_UNUSED_FUNCTION = YES;
				GCC_WARN_UNUSED_VARIABLE = YES;
				IPHONEOS_DEPLOYMENT_TARGET = 11.0;
				MTL_ENABLE_DEBUG_INFO = NO;
				SDKROOT = iphoneos;
				SWIFT_OPTIMIZATION_LEVEL = "-Owholemodule";
				VALIDATE_PRODUCT = YES;
			};
			name = Release;
		};
		6FDC8F381FA125BE0020A7D7 /* Debug */ = {
			isa = XCBuildConfiguration;
			buildSettings = {
				ASSETCATALOG_COMPILER_APPICON_NAME = AppIcon;
				ASSETCATALOG_COMPILER_LAUNCHIMAGE_NAME = LaunchImage;
				CODE_SIGN_STYLE = Automatic;
				DEVELOPMENT_TEAM = YYY2JP9U92;
				FRAMEWORK_SEARCH_PATHS = (
					"$(inherited)",
					"$(PROJECT_DIR)/Carthage/Build/iOS",
				);
				INFOPLIST_FILE = "$(SRCROOT)/prototype1/SupportFiles/Info.plist";
				LD_RUNPATH_SEARCH_PATHS = "$(inherited) @executable_path/Frameworks";
				PRODUCT_BUNDLE_IDENTIFIER = com.swiftMage.prototype1;
				PRODUCT_NAME = "$(TARGET_NAME)";
				SWIFT_VERSION = 4.0;
				TARGETED_DEVICE_FAMILY = 1;
			};
			name = Debug;
		};
		6FDC8F391FA125BE0020A7D7 /* Release */ = {
			isa = XCBuildConfiguration;
			buildSettings = {
				ASSETCATALOG_COMPILER_APPICON_NAME = AppIcon;
				ASSETCATALOG_COMPILER_LAUNCHIMAGE_NAME = LaunchImage;
				CODE_SIGN_STYLE = Automatic;
				DEVELOPMENT_TEAM = YYY2JP9U92;
				FRAMEWORK_SEARCH_PATHS = (
					"$(inherited)",
					"$(PROJECT_DIR)/Carthage/Build/iOS",
				);
				INFOPLIST_FILE = "$(SRCROOT)/prototype1/SupportFiles/Info.plist";
				LD_RUNPATH_SEARCH_PATHS = "$(inherited) @executable_path/Frameworks";
				PRODUCT_BUNDLE_IDENTIFIER = com.swiftMage.prototype1;
				PRODUCT_NAME = "$(TARGET_NAME)";
				SWIFT_VERSION = 4.0;
				TARGETED_DEVICE_FAMILY = 1;
			};
			name = Release;
		};
/* End XCBuildConfiguration section */

/* Begin XCConfigurationList section */
		6FDC8F201FA125BE0020A7D7 /* Build configuration list for PBXProject "prototype1" */ = {
			isa = XCConfigurationList;
			buildConfigurations = (
				6FDC8F351FA125BE0020A7D7 /* Debug */,
				6FDC8F361FA125BE0020A7D7 /* Release */,
			);
			defaultConfigurationIsVisible = 0;
			defaultConfigurationName = Release;
		};
		6FDC8F371FA125BE0020A7D7 /* Build configuration list for PBXNativeTarget "prototype1" */ = {
			isa = XCConfigurationList;
			buildConfigurations = (
				6FDC8F381FA125BE0020A7D7 /* Debug */,
				6FDC8F391FA125BE0020A7D7 /* Release */,
			);
			defaultConfigurationIsVisible = 0;
			defaultConfigurationName = Release;
		};
/* End XCConfigurationList section */
	};
	rootObject = 6FDC8F1D1FA125BE0020A7D7 /* Project object */;
}
